
Microsoft Visual Studio Solution File, Format Version 12.00
# Visual Studio 15
VisualStudioVersion = 15.0.28307.421
MinimumVisualStudioVersion = 10.0.40219.1
Project("{FAE04EC0-301F-11D3-BF4B-00C04F79EFBC}") = "5", "5\5.csproj", "{D3B8E3BB-AB79-4FC2-8BB2-AD6DAC2899D4}"
EndProject
Global
	GlobalSection(SolutionConfigurationPlatforms) = preSolution
		Debug|Any CPU = Debug|Any CPU
		Release|Any CPU = Release|Any CPU
	EndGlobalSection
	GlobalSection(ProjectConfigurationPlatforms) = postSolution
		{D3B8E3BB-AB79-4FC2-8BB2-AD6DAC2899D4}.Debug|Any CPU.ActiveCfg = Debug|Any CPU
		{D3B8E3BB-AB79-4FC2-8BB2-AD6DAC2899D4}.Debug|Any CPU.Build.0 = Debug|Any CPU
		{D3B8E3BB-AB79-4FC2-8BB2-AD6DAC2899D4}.Release|Any CPU.ActiveCfg = Release|Any CPU
		{D3B8E3BB-AB79-4FC2-8BB2-AD6DAC2899D4}.Release|Any CPU.Build.0 = Release|Any CPU
	EndGlobalSection
	GlobalSection(SolutionProperties) = preSolution
		HideSolutionNode = FALSE
	EndGlobalSection
	GlobalSection(ExtensibilityGlobals) = postSolution
		SolutionGuid = {CF5838FF-0BAA-42AB-848C-BB1B35EF5A42}
	EndGlobalSection
EndGlobal
